
Microsoft Visual Studio Solution File, Format Version 12.00
# Visual Studio Version 16
VisualStudioVersion = 16.0.33927.289
MinimumVisualStudioVersion = 10.0.40219.1
Project("{2150E333-8FDC-42A3-9474-1A3956D46DE8}") = "Task0", "Task0", "{3014405D-CD2E-49A8-A63C-AE99DBBF87CB}"
EndProject
Project("{8BC9CEB8-8B4A-11D0-8D11-00A0C91BC942}") = "Tyuiu.ShunanovKE.Task0.V0", "Tyuiu.ShunanovKE.Task0.V0\Tyuiu.ShunanovKE.Task0.V0.vcxproj", "{37061C57-6A7C-41CE-85DA-7CBE0C48394F}"
EndProject
Global
	GlobalSection(SolutionConfigurationPlatforms) = preSolution
		Debug|x64 = Debug|x64
		Debug|x86 = Debug|x86
		Release|x64 = Release|x64
		Release|x86 = Release|x86
	EndGlobalSection
	GlobalSection(ProjectConfigurationPlatforms) = postSolution
		{37061C57-6A7C-41CE-85DA-7CBE0C48394F}.Debug|x64.ActiveCfg = Debug|x64
		{37061C57-6A7C-41CE-85DA-7CBE0C48394F}.Debug|x64.Build.0 = Debug|x64
		{37061C57-6A7C-41CE-85DA-7CBE0C48394F}.Debug|x86.ActiveCfg = Debug|Win32
		{37061C57-6A7C-41CE-85DA-7CBE0C48394F}.Debug|x86.Build.0 = Debug|Win32
		{37061C57-6A7C-41CE-85DA-7CBE0C48394F}.Release|x64.ActiveCfg = Release|x64
		{37061C57-6A7C-41CE-85DA-7CBE0C48394F}.Release|x64.Build.0 = Release|x64
		{37061C57-6A7C-41CE-85DA-7CBE0C48394F}.Release|x86.ActiveCfg = Release|Win32
		{37061C57-6A7C-41CE-85DA-7CBE0C48394F}.Release|x86.Build.0 = Release|Win32
	EndGlobalSection
	GlobalSection(SolutionProperties) = preSolution
		HideSolutionNode = FALSE
	EndGlobalSection
	GlobalSection(NestedProjects) = preSolution
		{37061C57-6A7C-41CE-85DA-7CBE0C48394F} = {3014405D-CD2E-49A8-A63C-AE99DBBF87CB}
	EndGlobalSection
	GlobalSection(ExtensibilityGlobals) = postSolution
		SolutionGuid = {77616E53-957F-470E-A05F-0E74379DE578}
	EndGlobalSection
EndGlobal
